
Microsoft Visual Studio Solution File, Format Version 12.00
# Visual Studio Version 17
VisualStudioVersion = 17.8.34120.258
MinimumVisualStudioVersion = 10.0.40219.1
Project("{9A19103F-16F7-4668-BE54-9A1E7A4F7556}") = "NamedFormHandling", "NamedFormHandling\NamedFormHandling.csproj", "{5FDF5C91-556D-4E03-B401-2F7AE6BC8726}"
EndProject
Global
	GlobalSection(SolutionConfigurationPlatforms) = preSolution
		Debug|Any CPU = Debug|Any CPU
		Release|Any CPU = Release|Any CPU
	EndGlobalSection
	GlobalSection(ProjectConfigurationPlatforms) = postSolution
		{5FDF5C91-556D-4E03-B401-2F7AE6BC8726}.Debug|Any CPU.ActiveCfg = Debug|Any CPU
		{5FDF5C91-556D-4E03-B401-2F7AE6BC8726}.Debug|Any CPU.Build.0 = Debug|Any CPU
		{5FDF5C91-556D-4E03-B401-2F7AE6BC8726}.Release|Any CPU.ActiveCfg = Release|Any CPU
		{5FDF5C91-556D-4E03-B401-2F7AE6BC8726}.Release|Any CPU.Build.0 = Release|Any CPU
	EndGlobalSection
	GlobalSection(SolutionProperties) = preSolution
		HideSolutionNode = FALSE
	EndGlobalSection
	GlobalSection(ExtensibilityGlobals) = postSolution
		SolutionGuid = {00025BBB-C3C7-4A3C-A383-E4656906F4CD}
	EndGlobalSection
EndGlobal
